# This file is automatically @generated by Cargo.
# It is not intended for manual editing.
# Dependency-free template lockfile; supplied explicitly, not generated in this environment.
# Maintain subsequent dependency resolutions with the pinned Cargo version.
version = 4

[[package]]
name = "portable-core"
version = "0.1.0"
